// !$*UTF8*$!
{
	archiveVersion = 1;
	classes = {
	};
	objectVersion = 46;
	objects = {

/* Begin PBXBuildFile section */
		B515B86515A216D200035638 /* UIKit.framework in Frameworks */ = {isa = PBXBuildFile; fileRef = B515B86415A216D200035638 /* UIKit.framework */; };
		B515B86615A216F600035638 /* HelperFramework.h in Headers */ = {isa = PBXBuildFile; fileRef = B5C426F415A1FC8B002E92D6 /* HelperFramework.h */; settings = {ATTRIBUTES = (Private, ); }; };
		B53EF9A115C033B400989487 /* NLMultiItemsTextInput.h in Headers */ = {isa = PBXBuildFile; fileRef = B53EF99F15C033B400989487 /* NLMultiItemsTextInput.h */; settings = {ATTRIBUTES = (Private, ); }; };
		B53EF9A215C033B400989487 /* NLMultiItemsTextInput.m in Sources */ = {isa = PBXBuildFile; fileRef = B53EF9A015C033B400989487 /* NLMultiItemsTextInput.m */; };
		B56B123815C6EBC80095530A /* NLCoreDataFetch.h in Headers */ = {isa = PBXBuildFile; fileRef = B56B123615C6EBC70095530A /* NLCoreDataFetch.h */; settings = {ATTRIBUTES = (Public, ); }; };
		B56B123915C6EBC80095530A /* NLCoreDataFetch.m in Sources */ = {isa = PBXBuildFile; fileRef = B56B123715C6EBC70095530A /* NLCoreDataFetch.m */; };
		B5C426F015A1FC8B002E92D6 /* Foundation.framework in Frameworks */ = {isa = PBXBuildFile; fileRef = B5C426EF15A1FC8B002E92D6 /* Foundation.framework */; };
		B5C426FE15A1FC8B002E92D6 /* SenTestingKit.framework in Frameworks */ = {isa = PBXBuildFile; fileRef = B5C426FD15A1FC8B002E92D6 /* SenTestingKit.framework */; };
		B5C4270115A1FC8B002E92D6 /* Foundation.framework in Frameworks */ = {isa = PBXBuildFile; fileRef = B5C426EF15A1FC8B002E92D6 /* Foundation.framework */; };
		B5C4270415A1FC8B002E92D6 /* libHelperFramework.a in Frameworks */ = {isa = PBXBuildFile; fileRef = B5C426EC15A1FC8B002E92D6 /* libHelperFramework.a */; };
		B5C4270A15A1FC8B002E92D6 /* InfoPlist.strings in Resources */ = {isa = PBXBuildFile; fileRef = B5C4270815A1FC8B002E92D6 /* InfoPlist.strings */; };
		B5C4270D15A1FC8B002E92D6 /* HelperFrameworkTests.m in Sources */ = {isa = PBXBuildFile; fileRef = B5C4270C15A1FC8B002E92D6 /* HelperFrameworkTests.m */; };
		B5C4272D15A1FDAC002E92D6 /* DataBase.h in Headers */ = {isa = PBXBuildFile; fileRef = B5C4272615A1FDAC002E92D6 /* DataBase.h */; settings = {ATTRIBUTES = (Public, ); }; };
		B5C4272E15A1FDAC002E92D6 /* DataBase.m in Sources */ = {isa = PBXBuildFile; fileRef = B5C4272715A1FDAC002E92D6 /* DataBase.m */; };
		B5C4272F15A1FDAC002E92D6 /* NLFetchResulViewController.h in Headers */ = {isa = PBXBuildFile; fileRef = B5C4272915A1FDAC002E92D6 /* NLFetchResulViewController.h */; settings = {ATTRIBUTES = (Public, ); }; };
		B5C4273015A1FDAC002E92D6 /* NLFetchResulViewController.m in Sources */ = {isa = PBXBuildFile; fileRef = B5C4272A15A1FDAC002E92D6 /* NLFetchResulViewController.m */; };
		B5C9DF1315A470B30074F572 /* NLSmallTableViewController.h in Headers */ = {isa = PBXBuildFile; fileRef = B5C9DF1115A470B30074F572 /* NLSmallTableViewController.h */; settings = {ATTRIBUTES = (Private, ); }; };
		B5C9DF1415A470B30074F572 /* NLSmallTableViewController.m in Sources */ = {isa = PBXBuildFile; fileRef = B5C9DF1215A470B30074F572 /* NLSmallTableViewController.m */; };
/* End PBXBuildFile section */

/* Begin PBXBuildRule section */
		B515B56715A2065900035638 /* PBXBuildRule */ = {
			isa = PBXBuildRule;
			compilerSpec = com.apple.compilers.proxy.script;
			fileType = pattern.proxy;
			isEditable = 1;
			outputFiles = (
			);
		};
/* End PBXBuildRule section */

/* Begin PBXContainerItemProxy section */
		B5C4270215A1FC8B002E92D6 /* PBXContainerItemProxy */ = {
			isa = PBXContainerItemProxy;
			containerPortal = B5C426E315A1FC8B002E92D6 /* Project object */;
			proxyType = 1;
			remoteGlobalIDString = B5C426EB15A1FC8B002E92D6;
			remoteInfo = HelperFramework;
		};
/* End PBXContainerItemProxy section */

/* Begin PBXCopyFilesBuildPhase section */
		B56B123C15C6ECF50095530A /* CopyFiles */ = {
			isa = PBXCopyFilesBuildPhase;
			buildActionMask = 2147483647;
			dstPath = "";
			dstSubfolderSpec = 7;
			files = (
			);
			runOnlyForDeploymentPostprocessing = 0;
		};
/* End PBXCopyFilesBuildPhase section */

/* Begin PBXFileReference section */
		B515B86415A216D200035638 /* UIKit.framework */ = {isa = PBXFileReference; lastKnownFileType = wrapper.framework; name = UIKit.framework; path = System/Library/Frameworks/UIKit.framework; sourceTree = SDKROOT; };
		B53EF99F15C033B400989487 /* NLMultiItemsTextInput.h */ = {isa = PBXFileReference; fileEncoding = 4; lastKnownFileType = sourcecode.c.h; lineEnding = 0; path = NLMultiItemsTextInput.h; sourceTree = "<group>"; xcLanguageSpecificationIdentifier = xcode.lang.objcpp; };
		B53EF9A015C033B400989487 /* NLMultiItemsTextInput.m */ = {isa = PBXFileReference; fileEncoding = 4; lastKnownFileType = sourcecode.c.objc; lineEnding = 0; path = NLMultiItemsTextInput.m; sourceTree = "<group>"; xcLanguageSpecificationIdentifier = xcode.lang.objc; };
		B56B123615C6EBC70095530A /* NLCoreDataFetch.h */ = {isa = PBXFileReference; fileEncoding = 4; lastKnownFileType = sourcecode.c.h; name = NLCoreDataFetch.h; path = DataBase/NLCoreDataFetch.h; sourceTree = "<group>"; };
		B56B123715C6EBC70095530A /* NLCoreDataFetch.m */ = {isa = PBXFileReference; fileEncoding = 4; lastKnownFileType = sourcecode.c.objc; name = NLCoreDataFetch.m; path = DataBase/NLCoreDataFetch.m; sourceTree = "<group>"; };
		B5C426EC15A1FC8B002E92D6 /* libHelperFramework.a */ = {isa = PBXFileReference; explicitFileType = archive.ar; includeInIndex = 0; path = libHelperFramework.a; sourceTree = BUILT_PRODUCTS_DIR; };
		B5C426EF15A1FC8B002E92D6 /* Foundation.framework */ = {isa = PBXFileReference; lastKnownFileType = wrapper.framework; name = Foundation.framework; path = System/Library/Frameworks/Foundation.framework; sourceTree = SDKROOT; };
		B5C426F315A1FC8B002E92D6 /* HelperFramework-Prefix.pch */ = {isa = PBXFileReference; lastKnownFileType = sourcecode.c.h; path = "HelperFramework-Prefix.pch"; sourceTree = "<group>"; };
		B5C426F415A1FC8B002E92D6 /* HelperFramework.h */ = {isa = PBXFileReference; lastKnownFileType = sourcecode.c.h; path = HelperFramework.h; sourceTree = "<group>"; };
		B5C426FC15A1FC8B002E92D6 /* HelperFrameworkTests.octest */ = {isa = PBXFileReference; explicitFileType = wrapper.cfbundle; includeInIndex = 0; path = HelperFrameworkTests.octest; sourceTree = BUILT_PRODUCTS_DIR; };
		B5C426FD15A1FC8B002E92D6 /* SenTestingKit.framework */ = {isa = PBXFileReference; lastKnownFileType = wrapper.framework; name = SenTestingKit.framework; path = Library/Frameworks/SenTestingKit.framework; sourceTree = DEVELOPER_DIR; };
		B5C4270715A1FC8B002E92D6 /* HelperFrameworkTests-Info.plist */ = {isa = PBXFileReference; lastKnownFileType = text.plist.xml; path = "HelperFrameworkTests-Info.plist"; sourceTree = "<group>"; };
		B5C4270915A1FC8B002E92D6 /* en */ = {isa = PBXFileReference; lastKnownFileType = text.plist.strings; name = en; path = en.lproj/InfoPlist.strings; sourceTree = "<group>"; };
		B5C4270B15A1FC8B002E92D6 /* HelperFrameworkTests.h */ = {isa = PBXFileReference; lastKnownFileType = sourcecode.c.h; path = HelperFrameworkTests.h; sourceTree = "<group>"; };
		B5C4270C15A1FC8B002E92D6 /* HelperFrameworkTests.m */ = {isa = PBXFileReference; lastKnownFileType = sourcecode.c.objc; path = HelperFrameworkTests.m; sourceTree = "<group>"; };
		B5C4272615A1FDAC002E92D6 /* DataBase.h */ = {isa = PBXFileReference; fileEncoding = 4; lastKnownFileType = sourcecode.c.h; name = DataBase.h; path = DataBase/DataBase.h; sourceTree = "<group>"; };
		B5C4272715A1FDAC002E92D6 /* DataBase.m */ = {isa = PBXFileReference; fileEncoding = 4; lastKnownFileType = sourcecode.c.objc; name = DataBase.m; path = DataBase/DataBase.m; sourceTree = "<group>"; };
		B5C4272915A1FDAC002E92D6 /* NLFetchResulViewController.h */ = {isa = PBXFileReference; fileEncoding = 4; lastKnownFileType = sourcecode.c.h; name = NLFetchResulViewController.h; path = UITableView/NLFetchResulViewController.h; sourceTree = "<group>"; };
		B5C4272A15A1FDAC002E92D6 /* NLFetchResulViewController.m */ = {isa = PBXFileReference; fileEncoding = 4; lastKnownFileType = sourcecode.c.objc; name = NLFetchResulViewController.m; path = UITableView/NLFetchResulViewController.m; sourceTree = "<group>"; };
		B5C9DF1115A470B30074F572 /* NLSmallTableViewController.h */ = {isa = PBXFileReference; fileEncoding = 4; lastKnownFileType = sourcecode.c.h; name = NLSmallTableViewController.h; path = UITableView/NLSmallTableViewController.h; sourceTree = "<group>"; };
		B5C9DF1215A470B30074F572 /* NLSmallTableViewController.m */ = {isa = PBXFileReference; fileEncoding = 4; lastKnownFileType = sourcecode.c.objc; name = NLSmallTableViewController.m; path = UITableView/NLSmallTableViewController.m; sourceTree = "<group>"; };
/* End PBXFileReference section */

/* Begin PBXFrameworksBuildPhase section */
		B5C426E915A1FC8B002E92D6 /* Frameworks */ = {
			isa = PBXFrameworksBuildPhase;
			buildActionMask = 2147483647;
			files = (
				B5C426F015A1FC8B002E92D6 /* Foundation.framework in Frameworks */,
			);
			runOnlyForDeploymentPostprocessing = 0;
		};
		B5C426F815A1FC8B002E92D6 /* Frameworks */ = {
			isa = PBXFrameworksBuildPhase;
			buildActionMask = 2147483647;
			files = (
				B515B86515A216D200035638 /* UIKit.framework in Frameworks */,
				B5C426FE15A1FC8B002E92D6 /* SenTestingKit.framework in Frameworks */,
				B5C4270115A1FC8B002E92D6 /* Foundation.framework in Frameworks */,
				B5C4270415A1FC8B002E92D6 /* libHelperFramework.a in Frameworks */,
			);
			runOnlyForDeploymentPostprocessing = 0;
		};
/* End PBXFrameworksBuildPhase section */

/* Begin PBXGroup section */
		B5C426E115A1FC8B002E92D6 = {
			isa = PBXGroup;
			children = (
				B5C426F115A1FC8B002E92D6 /* HelperFramework */,
				B5C4270515A1FC8B002E92D6 /* HelperFrameworkTests */,
				B5C426EE15A1FC8B002E92D6 /* Frameworks */,
				B5C426ED15A1FC8B002E92D6 /* Products */,
			);
			sourceTree = "<group>";
		};
		B5C426ED15A1FC8B002E92D6 /* Products */ = {
			isa = PBXGroup;
			children = (
				B5C426EC15A1FC8B002E92D6 /* libHelperFramework.a */,
				B5C426FC15A1FC8B002E92D6 /* HelperFrameworkTests.octest */,
			);
			name = Products;
			sourceTree = "<group>";
		};
		B5C426EE15A1FC8B002E92D6 /* Frameworks */ = {
			isa = PBXGroup;
			children = (
				B515B86415A216D200035638 /* UIKit.framework */,
				B5C426EF15A1FC8B002E92D6 /* Foundation.framework */,
				B5C426FD15A1FC8B002E92D6 /* SenTestingKit.framework */,
			);
			name = Frameworks;
			sourceTree = "<group>";
		};
		B5C426F115A1FC8B002E92D6 /* HelperFramework */ = {
			isa = PBXGroup;
			children = (
				B5C4272515A1FDAC002E92D6 /* DataBase */,
				B5C4272815A1FDAC002E92D6 /* UITableView */,
				B5C426F415A1FC8B002E92D6 /* HelperFramework.h */,
				B53EF99F15C033B400989487 /* NLMultiItemsTextInput.h */,
				B53EF9A015C033B400989487 /* NLMultiItemsTextInput.m */,
				B5C426F215A1FC8B002E92D6 /* Supporting Files */,
			);
			path = HelperFramework;
			sourceTree = "<group>";
		};
		B5C426F215A1FC8B002E92D6 /* Supporting Files */ = {
			isa = PBXGroup;
			children = (
				B5C426F315A1FC8B002E92D6 /* HelperFramework-Prefix.pch */,
			);
			name = "Supporting Files";
			sourceTree = "<group>";
		};
		B5C4270515A1FC8B002E92D6 /* HelperFrameworkTests */ = {
			isa = PBXGroup;
			children = (
				B5C4270B15A1FC8B002E92D6 /* HelperFrameworkTests.h */,
				B5C4270C15A1FC8B002E92D6 /* HelperFrameworkTests.m */,
				B5C4270615A1FC8B002E92D6 /* Supporting Files */,
			);
			path = HelperFrameworkTests;
			sourceTree = "<group>";
		};
		B5C4270615A1FC8B002E92D6 /* Supporting Files */ = {
			isa = PBXGroup;
			children = (
				B5C4270715A1FC8B002E92D6 /* HelperFrameworkTests-Info.plist */,
				B5C4270815A1FC8B002E92D6 /* InfoPlist.strings */,
			);
			name = "Supporting Files";
			sourceTree = "<group>";
		};
		B5C4272515A1FDAC002E92D6 /* DataBase */ = {
			isa = PBXGroup;
			children = (
				B5C4272615A1FDAC002E92D6 /* DataBase.h */,
				B5C4272715A1FDAC002E92D6 /* DataBase.m */,
				B56B123615C6EBC70095530A /* NLCoreDataFetch.h */,
				B56B123715C6EBC70095530A /* NLCoreDataFetch.m */,
			);
			name = DataBase;
			path = HelperFramework;
			sourceTree = SOURCE_ROOT;
		};
		B5C4272815A1FDAC002E92D6 /* UITableView */ = {
			isa = PBXGroup;
			children = (
				B5C4272915A1FDAC002E92D6 /* NLFetchResulViewController.h */,
				B5C4272A15A1FDAC002E92D6 /* NLFetchResulViewController.m */,
				B5C9DF1115A470B30074F572 /* NLSmallTableViewController.h */,
				B5C9DF1215A470B30074F572 /* NLSmallTableViewController.m */,
			);
			name = UITableView;
			sourceTree = "<group>";
		};
/* End PBXGroup section */

/* Begin PBXHeadersBuildPhase section */
		B5C426EA15A1FC8B002E92D6 /* Headers */ = {
			isa = PBXHeadersBuildPhase;
			buildActionMask = 2147483647;
			files = (
				B5C4272D15A1FDAC002E92D6 /* DataBase.h in Headers */,
				B5C4272F15A1FDAC002E92D6 /* NLFetchResulViewController.h in Headers */,
				B56B123815C6EBC80095530A /* NLCoreDataFetch.h in Headers */,
				B515B86615A216F600035638 /* HelperFramework.h in Headers */,
				B53EF9A115C033B400989487 /* NLMultiItemsTextInput.h in Headers */,
				B5C9DF1315A470B30074F572 /* NLSmallTableViewController.h in Headers */,
			);
			runOnlyForDeploymentPostprocessing = 0;
		};
/* End PBXHeadersBuildPhase section */

/* Begin PBXNativeTarget section */
		B5C426EB15A1FC8B002E92D6 /* HelperFramework */ = {
			isa = PBXNativeTarget;
			buildConfigurationList = B5C4271015A1FC8B002E92D6 /* Build configuration list for PBXNativeTarget "HelperFramework" */;
			buildPhases = (
				B5C426E815A1FC8B002E92D6 /* Sources */,
				B5C426E915A1FC8B002E92D6 /* Frameworks */,
				B5C426EA15A1FC8B002E92D6 /* Headers */,
				B56B123C15C6ECF50095530A /* CopyFiles */,
			);
			buildRules = (
				B515B56715A2065900035638 /* PBXBuildRule */,
			);
			dependencies = (
			);
			name = HelperFramework;
			productName = HelperFramework;
			productReference = B5C426EC15A1FC8B002E92D6 /* libHelperFramework.a */;
			productType = "com.apple.product-type.library.static";
		};
		B5C426FB15A1FC8B002E92D6 /* HelperFrameworkTests */ = {
			isa = PBXNativeTarget;
			buildConfigurationList = B5C4271315A1FC8B002E92D6 /* Build configuration list for PBXNativeTarget "HelperFrameworkTests" */;
			buildPhases = (
				B5C426F715A1FC8B002E92D6 /* Sources */,
				B5C426F815A1FC8B002E92D6 /* Frameworks */,
				B5C426F915A1FC8B002E92D6 /* Resources */,
				B5C426FA15A1FC8B002E92D6 /* ShellScript */,
			);
			buildRules = (
			);
			dependencies = (
				B5C4270315A1FC8B002E92D6 /* PBXTargetDependency */,
			);
			name = HelperFrameworkTests;
			productName = HelperFrameworkTests;
			productReference = B5C426FC15A1FC8B002E92D6 /* HelperFrameworkTests.octest */;
			productType = "com.apple.product-type.bundle";
		};
/* End PBXNativeTarget section */

/* Begin PBXProject section */
		B5C426E315A1FC8B002E92D6 /* Project object */ = {
			isa = PBXProject;
			attributes = {
				CLASSPREFIX = NL;
				LastUpgradeCheck = 0430;
				ORGANIZATIONNAME = nLink;
			};
			buildConfigurationList = B5C426E615A1FC8B002E92D6 /* Build configuration list for PBXProject "HelperFramework" */;
			compatibilityVersion = "Xcode 3.2";
			developmentRegion = English;
			hasScannedForEncodings = 0;
			knownRegions = (
				en,
			);
			mainGroup = B5C426E115A1FC8B002E92D6;
			productRefGroup = B5C426ED15A1FC8B002E92D6 /* Products */;
			projectDirPath = "";
			projectRoot = "";
			targets = (
				B5C426EB15A1FC8B002E92D6 /* HelperFramework */,
				B5C426FB15A1FC8B002E92D6 /* HelperFrameworkTests */,
			);
		};
/* End PBXProject section */

/* Begin PBXResourcesBuildPhase section */
		B5C426F915A1FC8B002E92D6 /* Resources */ = {
			isa = PBXResourcesBuildPhase;
			buildActionMask = 2147483647;
			files = (
				B5C4270A15A1FC8B002E92D6 /* InfoPlist.strings in Resources */,
			);
			runOnlyForDeploymentPostprocessing = 0;
		};
/* End PBXResourcesBuildPhase section */

/* Begin PBXShellScriptBuildPhase section */
		B5C426FA15A1FC8B002E92D6 /* ShellScript */ = {
			isa = PBXShellScriptBuildPhase;
			buildActionMask = 2147483647;
			files = (
			);
			inputPaths = (
			);
			outputPaths = (
			);
			runOnlyForDeploymentPostprocessing = 0;
			shellPath = /bin/sh;
			shellScript = "# Run the unit tests in this test bundle.\n\"${SYSTEM_DEVELOPER_DIR}/Tools/RunUnitTests\"\n";
		};
/* End PBXShellScriptBuildPhase section */

/* Begin PBXSourcesBuildPhase section */
		B5C426E815A1FC8B002E92D6 /* Sources */ = {
			isa = PBXSourcesBuildPhase;
			buildActionMask = 2147483647;
			files = (
				B5C4272E15A1FDAC002E92D6 /* DataBase.m in Sources */,
				B5C4273015A1FDAC002E92D6 /* NLFetchResulViewController.m in Sources */,
				B5C9DF1415A470B30074F572 /* NLSmallTableViewController.m in Sources */,
				B53EF9A215C033B400989487 /* NLMultiItemsTextInput.m in Sources */,
				B56B123915C6EBC80095530A /* NLCoreDataFetch.m in Sources */,
			);
			runOnlyForDeploymentPostprocessing = 0;
		};
		B5C426F715A1FC8B002E92D6 /* Sources */ = {
			isa = PBXSourcesBuildPhase;
			buildActionMask = 2147483647;
			files = (
				B5C4270D15A1FC8B002E92D6 /* HelperFrameworkTests.m in Sources */,
			);
			runOnlyForDeploymentPostprocessing = 0;
		};
/* End PBXSourcesBuildPhase section */

/* Begin PBXTargetDependency section */
		B5C4270315A1FC8B002E92D6 /* PBXTargetDependency */ = {
			isa = PBXTargetDependency;
			target = B5C426EB15A1FC8B002E92D6 /* HelperFramework */;
			targetProxy = B5C4270215A1FC8B002E92D6 /* PBXContainerItemProxy */;
		};
/* End PBXTargetDependency section */

/* Begin PBXVariantGroup section */
		B5C4270815A1FC8B002E92D6 /* InfoPlist.strings */ = {
			isa = PBXVariantGroup;
			children = (
				B5C4270915A1FC8B002E92D6 /* en */,
			);
			name = InfoPlist.strings;
			sourceTree = "<group>";
		};
/* End PBXVariantGroup section */

/* Begin XCBuildConfiguration section */
		B5C4270E15A1FC8B002E92D6 /* Debug */ = {
			isa = XCBuildConfiguration;
			buildSettings = {
				ALWAYS_SEARCH_USER_PATHS = NO;
				ARCHS = "$(ARCHS_STANDARD_32_BIT)";
				CLANG_ENABLE_OBJC_ARC = YES;
				COPY_PHASE_STRIP = NO;
				GCC_C_LANGUAGE_STANDARD = gnu99;
				GCC_DYNAMIC_NO_PIC = NO;
				GCC_OPTIMIZATION_LEVEL = 0;
				GCC_PREPROCESSOR_DEFINITIONS = (
					"DEBUG=1",
					"$(inherited)",
				);
				GCC_SYMBOLS_PRIVATE_EXTERN = NO;
				GCC_VERSION = com.apple.compilers.llvm.clang.1_0;
				GCC_WARN_ABOUT_RETURN_TYPE = YES;
				GCC_WARN_UNINITIALIZED_AUTOS = YES;
				GCC_WARN_UNUSED_VARIABLE = YES;
				IPHONEOS_DEPLOYMENT_TARGET = 5.0;
				SDKROOT = iphoneos;
			};
			name = Debug;
		};
		B5C4270F15A1FC8B002E92D6 /* Release */ = {
			isa = XCBuildConfiguration;
			buildSettings = {
				ALWAYS_SEARCH_USER_PATHS = NO;
				ARCHS = "$(ARCHS_STANDARD_32_BIT)";
				CLANG_ENABLE_OBJC_ARC = YES;
				COPY_PHASE_STRIP = YES;
				GCC_C_LANGUAGE_STANDARD = gnu99;
				GCC_VERSION = com.apple.compilers.llvm.clang.1_0;
				GCC_WARN_ABOUT_RETURN_TYPE = YES;
				GCC_WARN_UNINITIALIZED_AUTOS = YES;
				GCC_WARN_UNUSED_VARIABLE = YES;
				IPHONEOS_DEPLOYMENT_TARGET = 5.0;
				SDKROOT = iphoneos;
				VALIDATE_PRODUCT = YES;
			};
			name = Release;
		};
		B5C4271115A1FC8B002E92D6 /* Debug */ = {
			isa = XCBuildConfiguration;
			buildSettings = {
				DSTROOT = /tmp/HelperFramework.dst;
				GCC_PRECOMPILE_PREFIX_HEADER = YES;
				GCC_PREFIX_HEADER = "HelperFramework/HelperFramework-Prefix.pch";
				IPHONEOS_DEPLOYMENT_TARGET = 5.0;
				OTHER_LDFLAGS = "-ObjC";
				PRODUCT_NAME = "$(TARGET_NAME)";
				SKIP_INSTALL = YES;
			};
			name = Debug;
		};
		B5C4271215A1FC8B002E92D6 /* Release */ = {
			isa = XCBuildConfiguration;
			buildSettings = {
				DSTROOT = /tmp/HelperFramework.dst;
				GCC_PRECOMPILE_PREFIX_HEADER = YES;
				GCC_PREFIX_HEADER = "HelperFramework/HelperFramework-Prefix.pch";
				IPHONEOS_DEPLOYMENT_TARGET = 5.0;
				OTHER_LDFLAGS = "-ObjC";
				PRODUCT_NAME = "$(TARGET_NAME)";
				SKIP_INSTALL = YES;
			};
			name = Release;
		};
		B5C4271415A1FC8B002E92D6 /* Debug */ = {
			isa = XCBuildConfiguration;
			buildSettings = {
				FRAMEWORK_SEARCH_PATHS = (
					"$(SDKROOT)/Developer/Library/Frameworks",
					"$(DEVELOPER_LIBRARY_DIR)/Frameworks",
				);
				GCC_PRECOMPILE_PREFIX_HEADER = YES;
				GCC_PREFIX_HEADER = "HelperFramework/HelperFramework-Prefix.pch";
				INFOPLIST_FILE = "HelperFrameworkTests/HelperFrameworkTests-Info.plist";
				PRODUCT_NAME = "$(TARGET_NAME)";
				WRAPPER_EXTENSION = octest;
			};
			name = Debug;
		};
		B5C4271515A1FC8B002E92D6 /* Release */ = {
			isa = XCBuildConfiguration;
			buildSettings = {
				FRAMEWORK_SEARCH_PATHS = (
					"$(SDKROOT)/Developer/Library/Frameworks",
					"$(DEVELOPER_LIBRARY_DIR)/Frameworks",
				);
				GCC_PRECOMPILE_PREFIX_HEADER = YES;
				GCC_PREFIX_HEADER = "HelperFramework/HelperFramework-Prefix.pch";
				INFOPLIST_FILE = "HelperFrameworkTests/HelperFrameworkTests-Info.plist";
				PRODUCT_NAME = "$(TARGET_NAME)";
				WRAPPER_EXTENSION = octest;
			};
			name = Release;
		};
/* End XCBuildConfiguration section */

/* Begin XCConfigurationList section */
		B5C426E615A1FC8B002E92D6 /* Build configuration list for PBXProject "HelperFramework" */ = {
			isa = XCConfigurationList;
			buildConfigurations = (
				B5C4270E15A1FC8B002E92D6 /* Debug */,
				B5C4270F15A1FC8B002E92D6 /* Release */,
			);
			defaultConfigurationIsVisible = 0;
			defaultConfigurationName = Release;
		};
		B5C4271015A1FC8B002E92D6 /* Build configuration list for PBXNativeTarget "HelperFramework" */ = {
			isa = XCConfigurationList;
			buildConfigurations = (
				B5C4271115A1FC8B002E92D6 /* Debug */,
				B5C4271215A1FC8B002E92D6 /* Release */,
			);
			defaultConfigurationIsVisible = 0;
			defaultConfigurationName = Release;
		};
		B5C4271315A1FC8B002E92D6 /* Build configuration list for PBXNativeTarget "HelperFrameworkTests" */ = {
			isa = XCConfigurationList;
			buildConfigurations = (
				B5C4271415A1FC8B002E92D6 /* Debug */,
				B5C4271515A1FC8B002E92D6 /* Release */,
			);
			defaultConfigurationIsVisible = 0;
			defaultConfigurationName = Release;
		};
/* End XCConfigurationList section */
	};
	rootObject = B5C426E315A1FC8B002E92D6 /* Project object */;
}
